version = 1
revision = 3
requires-python = ">=3.13"

[[package]]
name = "adafruit-blinka"
version = "9.2.0"
source = { registry = "https://pypi.org/simple" }
dependencies = [
    { name = "adafruit-circuitpython-typing" },
    { name = "adafruit-platformdetect" },
    { name = "adafruit-pureio" },
    { name = "binho-host-adapter" },
    { name = "pyftdi" },
    { name = "sysv-ipc", marker = "platform_machine != 'mips' and sys_platform == 'linux'" },
]
sdist = { url = "https://files.pythonhosted.org/packages/ae/ee/63370e529cb21a56406b58773ab2e97c3bffd8dec391746df1fe238e3c1e/adafruit_blinka-9.2.0.tar.gz", hash = "sha256:0358f02840f91127246d9c5fa6d49660e2ab1134cc4e56fd5d88ce4c39a50942", size = 937569, upload-time = "2026-07-30T18:02:52.711Z" }
wheels = [
    { url = "https://files.pythonhosted.org/packages/d9/e1/62809e4d3f24f433e27e66f03afab7aa653627c7fbb9ddad9088032b6366/adafruit_blinka-9.2.0-py3-none-any.whl", hash = "sha256:ba761bd1eb5fd7c6626e2505dd7e63b0df9b7859eea91d952aba4ee2bec83ee9", size = 1064581, upload-time = "2026-07-30T18:02:51.066Z" },
]

[[package]]
name = "adafruit-circuitpython-busdevice"
version = "5.2.17"
source = { registry = "https://pypi.org/simple" }
dependencies = [
    { name = "adafruit-blinka" },
    { name = "adafruit-circuitpython-typing" },
]
sdist = { url = "https://files.pythonhosted.org/packages/40/c0/f789bfc16d2e7eed23171f264b961ceb25314ba92d733be5bd47a4ecb23e/adafruit_circuitpython_busdevice-5.2.17.tar.gz", hash = "sha256:01887ba0056d3635536f0bf1e580a2969c67fc2c4c7b42a4093bcf7a3308bc9b", size = 24423, upload-time = "2026-04-23T21:18:13.438Z" }
wheels = [
    { url = "https://files.pythonhosted.org/packages/42/0d/66a4e0fbd7b35107f7dee04fed890f77b83d1da9dd1f7474af2ed21700ea/adafruit_circuitpython_busdevice-5.2.17-py3-none-any.whl", hash = "sha256:5a834fbe0b88b07d20494bec566815da154aa4b1b668e2e665277b34b3578e44", size = 7494, upload-time = "2026-04-23T21:18:12.284Z" },
]

[[package]]
name = "adafruit-circuitpython-connectionmanager"
version = "3.1.8"
source = { registry = "https://pypi.org/simple" }
dependencies = [
    { name = "adafruit-blinka" },
]
sdist = { url = "https://files.pythonhosted.org/packages/a0/29/1653838bc0e5c6119fa2b03edb58b592a2475e7cf99810064a99e5eb8994/adafruit_circuitpython_connectionmanager-3.1.8.tar.gz", hash = "sha256:ce7436d62ac26312fbd2fc7d8f70ab0582a7c7807d7033ae5bd5cb53e4f66f3b", size = 33828, upload-time = "2026-04-23T21:18:42.138Z" }
wheels = [
    { url = "https://files.pythonhosted.org/packages/e4/43/929d17e5dbe0773e3a3c728b12cf1a777ada32639764b09365a1b56703c0/adafruit_circuitpython_connectionmanager-3.1.8-py3-none-any.whl", hash = "sha256:f93e27874a840f728b5cdbb1bcf0aee4e75ed1c0ba46b4562606ac3ac3ea2cca", size = 7755, upload-time = "2026-04-23T21:18:40.984Z" },
]

[[package]]
name = "adafruit-circuitpython-pn532"
version = "2.4.9"
source = { registry = "https://pypi.org/simple" }
dependencies = [
    { name = "adafruit-blinka" },
    { name = "adafruit-circuitpython-busdevice" },
    { name = "adafruit-circuitpython-typing" },
    { name = "pyserial" },
    { name = "typing-extensions" },
]
sdist = { url = "https://files.pythonhosted.org/packages/11/5d/1686c2ee7ec72e40e03f7783bf6858df4b9692938f1dfb2f63202751c527/adafruit_circuitpython_pn532-2.4.9.tar.gz", hash = "sha256:f4a8b6f5c19e26003d0a3be38828e38e494bb7c73d24daf3e159515baf892ff2", size = 32158, upload-time = "2026-04-23T21:04:54.664Z" }
wheels = [
    { url = "https://files.pythonhosted.org/packages/e5/9a/1e7d29074df9e038610c45db09aa83ef15af69a7b6d4fe83f943179cdc87/adafruit_circuitpython_pn532-2.4.9-py3-none-any.whl", hash = "sha256:fa88d55a0b65e311c9c8226038c9bb79a5a4a0ad155e79ace50456f68f9a3d0c", size = 15778, upload-time = "2026-04-23T21:04:53.657Z" },
]

[[package]]
name = "adafruit-circuitpython-requests"
version = "4.1.17"
source = { registry = "https://pypi.org/simple" }
dependencies = [
    { name = "adafruit-blinka" },
    { name = "adafruit-circuitpython-connectionmanager" },
]
sdist = { url = "https://files.pythonhosted.org/packages/bc/5c/cb31dd0a6e56a92bd9bf672539ba6102204bc443fe9af9a5f8e893b99169/adafruit_circuitpython_requests-4.1.17.tar.gz", hash = "sha256:7259976be340324d34da1ba6f4b935430b46ceece2e5c1632387a24e6f94e9a3", size = 67777, upload-time = "2026-04-23T21:24:48.423Z" }
wheels = [
    { url = "https://files.pythonhosted.org/packages/01/8c/15a2de09cc3c30793336cf79798948768611463ddfb2b2669f51569228fb/adafruit_circuitpython_requests-4.1.17-py3-none-any.whl", hash = "sha256:4c205188a052f52b3bb8ab4af97798d7d56ae3701857d31f03b164f029fae44f", size = 10841, upload-time = "2026-04-23T21:24:47.522Z" },
]

[[package]]
name = "adafruit-circuitpython-typing"
version = "1.12.3"
source = { registry = "https://pypi.org/simple" }
dependencies = [
    { name = "adafruit-blinka" },
    { name = "adafruit-circuitpython-busdevice" },
    { name = "adafruit-circuitpython-requests" },
    { name = "typing-extensions" },
]
sdist = { url = "https://files.pythonhosted.org/packages/65/a2/40a3440aed2375371507af668570b68523ee01db9c25c47ce5a05883170e/adafruit_circuitpython_typing-1.12.3.tar.gz", hash = "sha256:63f196f834e47842bcd4cf8c37aaa0c61e1aeb5d07f056c875fc3016cda91a12", size = 25603, upload-time = "2025-10-27T18:17:38.56Z" }
wheels = [
    { url = "https://files.pythonhosted.org/packages/cc/a1/578a03ba2bce0809b4e30974b47958963c9efe67b9fe74e7dbcdbbd45318/adafruit_circuitpython_typing-1.12.3-py3-none-any.whl", hash = "sha256:f6d0a02150e1e4efb5a2c2945b88d948809fdb465875f39947108b8467c986d9", size = 11014, upload-time = "2025-10-27T18:17:37.771Z" },
]

[[package]]
name = "adafruit-platformdetect"
version = "3.89.1"
source = { registry = "https://pypi.org/simple" }
sdist = { url = "https://files.pythonhosted.org/packages/43/9b/96e46cb5eb2cf4119ff4bf0f840221704de29e2eed03976c4b291d483174/adafruit_platformdetect-3.89.1.tar.gz", hash = "sha256:74552d1afcf779a84ca63527a1eaee9995c429ff422db15492bad0c3599cab4b", size = 49753, upload-time = "2026-06-24T18:28:39.069Z" }
wheels = [
    { url = "https://files.pythonhosted.org/packages/ff/0b/193ac7ed72f1ecdf6d4817aab86157f9198ed22e5725f03b9945baad5389/adafruit_platformdetect-3.89.1-py3-none-any.whl", hash = "sha256:d13c206dc37e399cccda953be9b1d3709c549d05be484b1c2da8077043c0beab", size = 27108, upload-time = "2026-06-24T18:28:37.959Z" },
]

[[package]]
name = "adafruit-pureio"
version = "1.1.11"
source = { registry = "https://pypi.org/simple" }
sdist = { url = "https://files.pythonhosted.org/packages/e5/b7/f1672435116822079bbdab42163f9e6424769b7db778873d95d18c085230/Adafruit_PureIO-1.1.11.tar.gz", hash = "sha256:c4cfbb365731942d1f1092a116f47dfdae0aef18c5b27f1072b5824ad5ea8c7c", size = 35511, upload-time = "2023-05-25T19:01:34.654Z" }
wheels = [
    { url = "https://files.pythonhosted.org/packages/19/9d/28e9d12f36e13c5f2acba3098187b0e931290ecd1d8df924391b5ad2db19/Adafruit_PureIO-1.1.11-py3-none-any.whl", hash = "sha256:281ab2099372cc0decc26326918996cbf21b8eed694ec4764d51eefa029d324e", size = 10678, upload-time = "2023-05-25T19:01:32.397Z" },
]

[[package]]
name = "binho-host-adapter"
version = "0.1.6"
source = { registry = "https://pypi.org/simple" }
dependencies = [
    { name = "pyserial" },
]
sdist = { url = "https://files.pythonhosted.org/packages/68/36/29b7b896e83e195fac6d64ccff95c0f24a18ee86e7437a22e60e0331d90a/binho-host-adapter-0.1.6.tar.gz", hash = "sha256:1e6da7a84e208c13b5f489066f05774bff1d593d0f5bf1ca149c2b8e83eae856", size = 10068, upload-time = "2020-06-04T19:38:11.789Z" }
wheels = [
    { url = "https://files.pythonhosted.org/packages/7b/6b/0f13486003aea3eb349c2946b7ec9753e7558b78e35d22c938062a96959c/binho_host_adapter-0.1.6-py3-none-any.whl", hash = "sha256:f71ca176c1e2fc1a5dce128beb286da217555c6c7c805f2ed282a6f3507ec277", size = 10540, upload-time = "2020-06-04T19:38:10.612Z" },
]

[[package]]
name = "blinkt"
version = "0.1.2"
source = { registry = "https://pypi.org/simple" }
dependencies = [
    { name = "rpi-gpio" },
]
sdist = { url = "https://files.pythonhosted.org/packages/c0/33/fb5a3bfc2e9d467a6f9892088f08c0b88b4bbb0237a696b1b25cacab54d5/blinkt-0.1.2.tar.gz", hash = "sha256:db8f54a22a7382476e4ac7531974fe01baee916b01f415bf3817c02820d59f3f", size = 5178, upload-time = "2018-05-23T11:06:00.7Z" }
wheels = [
    { url = "https://files.pythonhosted.org/packages/b9/24/b8244726dd74e6d140a162e2587e6df7d65cac18558f5df7cad9e9f9f1ff/blinkt-0.1.2-py3-none-any.whl", hash = "sha256:b090d1eccb5b8b5caaaeb25cfdb96f51cc12e98a8ab81c667c19b58b365f2818", size = 6577, upload-time = "2018-05-23T11:05:59.578Z" },
]

[[package]]
name = "phonietv"
version = "0.1.0"
source = { editable = "." }
dependencies = [
    { name = "adafruit-circuitpython-pn532" },
    { name = "blinkt", marker = "sys_platform == 'linux'" },
    { name = "python-vlc" },
]

[package.dev-dependencies]
dev = [
    { name = "time-machine" },
]

[package.metadata]
requires-dist = [
    { name = "adafruit-circuitpython-pn532", specifier = ">=2.4.9" },
    { name = "blinkt", marker = "sys_platform == 'linux'", specifier = ">=0.1.2" },
    { name = "python-vlc", specifier = ">=3.0.21203" },
]

[package.metadata.requires-dev]
dev = [{ name = "time-machine", specifier = ">=3.3.1" }]

[[package]]
name = "pyftdi"
version = "0.57.2"
source = { registry = "https://pypi.org/simple" }
dependencies = [
    { name = "pyserial" },
    { name = "pyusb" },
]
wheels = [
    { url = "https://files.pythonhosted.org/packages/7b/de/260694fa63dab6629c6ba7c2315de64dbd766eb761198b61fba96cbe7ea4/pyftdi-0.57.2-py3-none-any.whl", hash = "sha256:dec3acdc262594d8b1850a6aee608b861c2973f90011faf5cccae3107d3c67a4", size = 146319, upload-time = "2026-06-02T16:14:37.818Z" },
]

[[package]]
name = "pyserial"
version = "3.5"
source = { registry = "https://pypi.org/simple" }
sdist = { url = "https://files.pythonhosted.org/packages/1e/7d/ae3f0a63f41e4d2f6cb66a5b57197850f919f59e558159a4dd3a818f5082/pyserial-3.5.tar.gz", hash = "sha256:3c77e014170dfffbd816e6ffc205e9842efb10be9f58ec16d3e8675b4925cddb", size = 159125, upload-time = "2020-11-23T03:59:15.045Z" }
wheels = [
    { url = "https://files.pythonhosted.org/packages/07/bc/587a445451b253b285629263eb51c2d8e9bcea4fc97826266d186f96f558/pyserial-3.5-py2.py3-none-any.whl", hash = "sha256:c4451db6ba391ca6ca299fb3ec7bae67a5c55dde170964c7a14ceefec02f2cf0", size = 90585, upload-time = "2020-11-23T03:59:13.41Z" },
]

[[package]]
name = "python-vlc"
version = "3.0.21203"
source = { registry = "https://pypi.org/simple" }
sdist = { url = "https://files.pythonhosted.org/packages/4b/5b/f9ce6f0c9877b6fe5eafbade55e0dcb6b2b30f1c2c95837aef40e390d63b/python_vlc-3.0.21203.tar.gz", hash = "sha256:52d0544b276b11e58b6c0b748c3e0518f94f74b1b4cd328c83a59eacabead1ec", size = 162211, upload-time = "2024-10-07T14:39:54.755Z" }
wheels = [
    { url = "https://files.pythonhosted.org/packages/5b/ee/7d76eb3b50ccb1397621f32ede0fb4d17aa55a9aa2251bc34e6b9929fdce/python_vlc-3.0.21203-py3-none-any.whl", hash = "sha256:1613451a31b692ec276296ceeae0c0ba82bfc2d094dabf9aceb70f58944a6320", size = 87651, upload-time = "2024-10-07T14:39:50.021Z" },
]

[[package]]
name = "pyusb"
version = "1.3.1"
source = { registry = "https://pypi.org/simple" }
sdist = { url = "https://files.pythonhosted.org/packages/00/6b/ce3727395e52b7b76dfcf0c665e37d223b680b9becc60710d4bc08b7b7cb/pyusb-1.3.1.tar.gz", hash = "sha256:3af070b607467c1c164f49d5b0caabe8ac78dbed9298d703a8dbf9df4052d17e", size = 77281, upload-time = "2025-01-08T23:45:01.866Z" }
wheels = [
    { url = "https://files.pythonhosted.org/packages/28/b8/27e6312e86408a44fe16bd28ee12dd98608b39f7e7e57884a24e8f29b573/pyusb-1.3.1-py3-none-any.whl", hash = "sha256:bf9b754557af4717fe80c2b07cc2b923a9151f5c08d17bdb5345dac09d6a0430", size = 58465, upload-time = "2025-01-08T23:45:00.029Z" },
]

[[package]]
name = "rpi-gpio"
version = "0.7.1"
source = { registry = "https://pypi.org/simple" }
sdist = { url = "https://files.pythonhosted.org/packages/c4/0f/10b524a12b3445af1c607c27b2f5ed122ef55756e29942900e5c950735f2/RPi.GPIO-0.7.1.tar.gz", hash = "sha256:cd61c4b03c37b62bba4a5acfea9862749c33c618e0295e7e90aa4713fb373b70", size = 29090, upload-time = "2022-02-06T15:15:06.022Z" }

[[package]]
name = "sysv-ipc"
version = "1.2.0"
source = { registry = "https://pypi.org/simple" }
sdist = { url = "https://files.pythonhosted.org/packages/f2/5e/59208c6dd05ebc6f46ce2023c4fc01ffe814a1967d21b35d312c7e6ffeae/sysv_ipc-1.2.0.tar.gz", hash = "sha256:ef96ab33bb62e4d14142f0be0524dcc0c3c70c96442df2fc773c67b7c7514199", size = 102810, upload-time = "2026-01-09T14:05:02.231Z" }
wheels = [
    { url = "https://files.pythonhosted.org/packages/a2/2d/2e4f55201cca54666c08468538348be4af16a52c7296bdd038a303e7be9f/sysv_ipc-1.2.0-cp313-cp313-manylinux2014_aarch64.manylinux_2_17_aarch64.manylinux_2_28_aarch64.whl", hash = "sha256:977f0e313c2e663000f0c316682ea2c3f6d2f86bbbdb1bcd274fea244a211df0", size = 72727, upload-time = "2026-01-09T14:04:28.317Z" },
    { url = "https://files.pythonhosted.org/packages/d0/6a/e04914984503317dd2481d6ff5fa9ab85e70960b79514309b0bcb0ef08d8/sysv_ipc-1.2.0-cp313-cp313-manylinux2014_x86_64.manylinux_2_17_x86_64.manylinux_2_28_x86_64.whl", hash = "sha256:f0b40e147277a954c41f94207dfab402bfa8371198c191b826d833b40c5e83e9", size = 73643, upload-time = "2026-01-09T14:04:29.234Z" },
    { url = "https://files.pythonhosted.org/packages/54/46/6f9aacbbf4c71ddce08f645bd67fa4223573a3191fd938acc926ca2b94c4/sysv_ipc-1.2.0-cp313-cp313-musllinux_1_2_aarch64.whl", hash = "sha256:83ff789f67477dc09424f674e1eb9195d8edd9b4044c3d5833d1a252d49034fc", size = 71319, upload-time = "2026-01-09T14:04:30.059Z" },
    { url = "https://files.pythonhosted.org/packages/34/21/0127cb9ecbc281c5b5a79d4be7a61e2d35442f72baaa1594e089dbe9206a/sysv_ipc-1.2.0-cp313-cp313-musllinux_1_2_x86_64.whl", hash = "sha256:fc541299c3af8351abff804e287a0c203338c140f70ee70855f46a1710cc0ff7", size = 71575, upload-time = "2026-01-09T14:04:32.011Z" },
    { url = "https://files.pythonhosted.org/packages/e4/a5/1d0f4a95ba040987266af995eb973f2d469fa61452cc925a8ff95401927f/sysv_ipc-1.2.0-cp314-cp314-manylinux2014_aarch64.manylinux_2_17_aarch64.manylinux_2_28_aarch64.whl", hash = "sha256:7dcdda15a2ead282545d007bd4fb5bfff844d2ac2b2f4a2b52ddcb2a38953968", size = 73168, upload-time = "2026-01-09T14:04:35.49Z" },
    { url = "https://files.pythonhosted.org/packages/8e/7a/25d2a8a7bde7165a0260d06e83a57ecfe8668802f31ffea47620cfcb56eb/sysv_ipc-1.2.0-cp314-cp314-manylinux2014_x86_64.manylinux_2_17_x86_64.manylinux_2_28_x86_64.whl", hash = "sha256:9c5bf97ac00370159973c17a29224ae6f277757cee704abd61be1ce5bfaf78b0", size = 74039, upload-time = "2026-01-09T14:04:36.709Z" },
    { url = "https://files.pythonhosted.org/packages/8f/77/2be88d40d24a780f56ca74ff01802f8cb548a1def4c50da7094720fcd41c/sysv_ipc-1.2.0-cp314-cp314-musllinux_1_2_aarch64.whl", hash = "sha256:201e18f6f32bd6542e0886668699c16ddcdcc37105b2643c2c50a044f22e437f", size = 72237, upload-time = "2026-01-09T14:04:37.729Z" },
    { url = "https://files.pythonhosted.org/packages/2f/04/b7657691f0274bd22fb66fc772e567c78dffb96f6943cbb16352e20b55a1/sysv_ipc-1.2.0-cp314-cp314-musllinux_1_2_x86_64.whl", hash = "sha256:4daecc8fae2a6335ed56095d19a3bda96e551ea78781cd53abda94cfe37b6cfe", size = 72400, upload-time = "2026-01-09T14:04:38.55Z" },
    { url = "https://files.pythonhosted.org/packages/cc/61/ff85f043f507d4d9d5a84411dfd18f8f896dc3f77d29f5f4f6ee1d48ec9c/sysv_ipc-1.2.0-cp314-cp314t-manylinux2014_aarch64.manylinux_2_17_aarch64.manylinux_2_28_aarch64.whl", hash = "sha256:17f8b31c09ed94d0fa95d64720426344e2ae5a06691a8f076ef3909145877958", size = 76984, upload-time = "2026-01-09T14:04:41.32Z" },
    { url = "https://files.pythonhosted.org/packages/ff/39/02d900a035c674c6e4edb263ea0061c0fa8389ad9a2270150dc2a1fee476/sysv_ipc-1.2.0-cp314-cp314t-manylinux2014_x86_64.manylinux_2_17_x86_64.manylinux_2_28_x86_64.whl", hash = "sha256:acd083316d0c5b2e7fb5b7a5db6ad8fb2400ea4ca3d1813692acd93656a51f79", size = 77179, upload-time = "2026-01-09T14:04:42.65Z" },
    { url = "https://files.pythonhosted.org/packages/46/5a/d269d9aca6f2eda908c58a244488bcca751004c8f954742fd8aadf2e0a6d/sysv_ipc-1.2.0-cp314-cp314t-musllinux_1_2_aarch64.whl", hash = "sha256:3eb7b8f8b577ec0fbde890f86c6f9dc365f3012b02e4e275a350427621df80ad", size = 75959, upload-time = "2026-01-09T14:04:43.569Z" },
    { url = "https://files.pythonhosted.org/packages/8d/13/a49595e0056dc607e7530b946c7b62f11ec514822c40d54d94287e534e9d/sysv_ipc-1.2.0-cp314-cp314t-musllinux_1_2_x86_64.whl", hash = "sha256:a65e64577082b109d49bd68db8facb6f3a08ddbbde4b76c87b1246490922ef2a", size = 75679, upload-time = "2026-01-09T14:04:44.4Z" },
]

[[package]]
name = "time-machine"
version = "3.3.1"
source = { registry = "https://pypi.org/simple" }
sdist = { url = "https://files.pythonhosted.org/packages/e9/ec/c3eec78128d54e3c0ba872472f890c5395de38801187b17008f71dc7bb56/time_machine-3.3.1.tar.gz", hash = "sha256:83dd00ca0492bf14dc3b0ea4182483f5385d0e117c2a81c16311aab10a6c112f", size = 19481, upload-time = "2026-08-04T08:50:38.996Z" }
wheels = [
    { url = "https://files.pythonhosted.org/packages/60/b5/21a02fa1187bfcff4a502156719c1ce14442a25c5098173b155256c035ce/time_machine-3.3.1-cp313-cp313-macosx_10_13_x86_64.whl", hash = "sha256:28665ec4a23348ca4502554be794a8737a20f1dca776aabaff6996b34b202360", size = 19390, upload-time = "2026-08-04T08:50:10.746Z" },
    { url = "https://files.pythonhosted.org/packages/29/f0/bfe2e033e66b8884f9df36110c7b86c453d026e65e1b0e8d110b7852b21d/time_machine-3.3.1-cp313-cp313-macosx_11_0_arm64.whl", hash = "sha256:7ce463597e98051c79932c955b987b37355aad82353424928751a31075906ba5", size = 19560, upload-time = "2026-08-04T08:50:11.908Z" },
    { url = "https://files.pythonhosted.org/packages/bd/5f/7a9d37bbc7f7b71e7f872e92a4fb1d0b4f5bcc061ced072302a1ccb9bbe4/time_machine-3.3.1-cp313-cp313-manylinux1_x86_64.manylinux_2_28_x86_64.manylinux_2_5_x86_64.whl", hash = "sha256:a19e102777bf17fc8a7706aefc63ff0e9f689b7765d0009e9b3dc61667000e84", size = 51300, upload-time = "2026-08-04T08:50:13.008Z" },
    { url = "https://files.pythonhosted.org/packages/db/03/4a55c6fd26c83fbc279abf68df15295fd842ce499c199f0d523213ec08c1/time_machine-3.3.1-cp313-cp313-manylinux2014_aarch64.manylinux_2_17_aarch64.manylinux_2_28_aarch64.whl", hash = "sha256:0c17bc6f3dad3cbccff32fedc73bd75f6ab2ef842f980a918eb96d070866b9ff", size = 52038, upload-time = "2026-08-04T08:50:14.19Z" },
    { url = "https://files.pythonhosted.org/packages/fb/6f/7ea319aa57d7e054223f8941a95a93adbb288729dfc8e590edd723d4866b/time_machine-3.3.1-cp313-cp313-musllinux_1_2_aarch64.whl", hash = "sha256:920b9567c4ea0506a0d2c518cb4347e2a7781d4254090959d2e446010a5c92cc", size = 50707, upload-time = "2026-08-04T08:50:15.513Z" },
    { url = "https://files.pythonhosted.org/packages/94/02/a22687b86b04172655ac48d354a90d76082bda98591db970df2a3ea430da/time_machine-3.3.1-cp313-cp313-musllinux_1_2_x86_64.whl", hash = "sha256:b96359b1330e9a6dbe5827c89ce853d98ccabebe5ebcd5902dd1bc798f25ee7f", size = 50411, upload-time = "2026-08-04T08:50:16.809Z" },
    { url = "https://files.pythonhosted.org/packages/be/91/37feabe885eafb99956f3afc7e41aaa3d28d1b2cdc093dfe4164bef63485/time_machine-3.3.1-cp313-cp313-win_amd64.whl", hash = "sha256:f73c6457cdd6e78ea0ef3993f4e17ffbcc9498465a2a920db8ad03f0f7441ac5", size = 21396, upload-time = "2026-08-04T08:50:17.988Z" },
    { url = "https://files.pythonhosted.org/packages/11/8b/2898e5571a869847000de9375c520b25d196fc0af921ea7a00b3875ec5c1/time_machine-3.3.1-cp313-cp313-win_arm64.whl", hash = "sha256:67aa45a477f76d26fe7f9c1c36f7027479889d829234795b9bdd6f759fa373de", size = 20637, upload-time = "2026-08-04T08:50:19.066Z" },
    { url = "https://files.pythonhosted.org/packages/f9/a7/b299644b9b160febea01de00aad6f2f0e54035b0995fbdd3fbb77963b0a0/time_machine-3.3.1-cp314-cp314-macosx_10_15_x86_64.whl", hash = "sha256:ca87f6b27c540f2e08e2b1b583cb4b5492f7aa89f0c6f0f2d31ccc5e7ff2cd56", size = 19437, upload-time = "2026-08-04T08:50:20.107Z" },
    { url = "https://files.pythonhosted.org/packages/cf/cf/a491dd4a1c8d19ffefbf28865142a3b2ef21c23a7488d4e21fbd6f41ffc4/time_machine-3.3.1-cp314-cp314-macosx_11_0_arm64.whl", hash = "sha256:ab8e684654345217e8390d23b25657032421b3afdde977ac563e0296ddc4787e", size = 19570, upload-time = "2026-08-04T08:50:21.207Z" },
    { url = "https://files.pythonhosted.org/packages/1e/d0/7470e267983757b92f540525112589344e7cafe3fcd9b9a41d40e8ee11f6/time_machine-3.3.1-cp314-cp314-manylinux1_x86_64.manylinux_2_28_x86_64.manylinux_2_5_x86_64.whl", hash = "sha256:d13442557bce527232368d858d206c4a91222098fa8283579c63a4a50263b746", size = 51341, upload-time = "2026-08-04T08:50:22.322Z" },
    { url = "https://files.pythonhosted.org/packages/66/c1/be4b18593c7e0019650bc479a841c8c4ff323ff6d4ef08042bfe1ec83794/time_machine-3.3.1-cp314-cp314-manylinux2014_aarch64.manylinux_2_17_aarch64.manylinux_2_28_aarch64.whl", hash = "sha256:e6be50a0ba4f276c8d5656ec1226c0faaa6cc43f9cd11ca91dafece3c483e88f", size = 52140, upload-time = "2026-08-04T08:50:23.623Z" },
    { url = "https://files.pythonhosted.org/packages/69/d9/082c0244d295038c8911129f867af9be760e078f43a608e8c285af700e32/time_machine-3.3.1-cp314-cp314-musllinux_1_2_aarch64.whl", hash = "sha256:4fb5bfc120b522d7636e9b6f2694cb6d4dd3465c0eb45585854f2be25db43c81", size = 50774, upload-time = "2026-08-04T08:50:24.965Z" },
    { url = "https://files.pythonhosted.org/packages/e4/68/a918ff2627ef36bb33f5afb68ed669d62af37475c2ded3297ff43da38a95/time_machine-3.3.1-cp314-cp314-musllinux_1_2_x86_64.whl", hash = "sha256:e0f5b7418914702be0d335be15b513aff2b1f0c8e868b17ee933dd60ee23b549", size = 50492, upload-time = "2026-08-04T08:50:26.367Z" },
    { url = "https://files.pythonhosted.org/packages/3f/a9/d384c6525886ad8cfd5fb40d9cbcc55178cbe6d1774b4d7b9b6c83976596/time_machine-3.3.1-cp314-cp314-win_amd64.whl", hash = "sha256:5853f8194357b01a3db9ca080b1ca201cb15930f2721b7bc20f36febfc3753db", size = 21671, upload-time = "2026-08-04T08:50:27.509Z" },
    { url = "https://files.pythonhosted.org/packages/08/26/9c83ded7738e8a6d7bc85986918117b80681adbfcc53a7bf226d8bd47f71/time_machine-3.3.1-cp314-cp314-win_arm64.whl", hash = "sha256:5ea7fdb1296a6268724a1f0314323c8dfe93e9fd8238360316974acf2f120f16", size = 20868, upload-time = "2026-08-04T08:50:28.589Z" },
    { url = "https://files.pythonhosted.org/packages/48/c7/5a5c3e147ddbcfa168c526db28bf4cea51c63e0a557f0ed07a46900466e5/time_machine-3.3.1-cp314-cp314t-macosx_10_15_x86_64.whl", hash = "sha256:795857ec0bc34e3faede2a5030b764aa7feced11dda21a2463075d7f813dca0a", size = 20159, upload-time = "2026-08-04T08:50:29.675Z" },
    { url = "https://files.pythonhosted.org/packages/86/e9/d8a01d439c083d57a111c4998c1bfd05202f5934b4f4ae8c920a1642eaaa/time_machine-3.3.1-cp314-cp314t-macosx_11_0_arm64.whl", hash = "sha256:f9066f77502a544207d2e3c974bdf7445b7b2d79f1ab18a0f61e9f6a5234d9ab", size = 20395, upload-time = "2026-08-04T08:50:30.744Z" },
    { url = "https://files.pythonhosted.org/packages/26/20/c08f5d48c7adc93778c7b52fb3b263994782d19ca2e2812de59a2e9e4811/time_machine-3.3.1-cp314-cp314t-manylinux1_x86_64.manylinux_2_28_x86_64.manylinux_2_5_x86_64.whl", hash = "sha256:19a770b5534ba1ea3a74a5d300152ba9904ad9ce62cff3dad0c425c29034fbc7", size = 62536, upload-time = "2026-08-04T08:50:31.929Z" },
    { url = "https://files.pythonhosted.org/packages/79/9f/0cfd148a22ca483348dc4d3977aa80fe8e634d2e46ba3a37e1eea9fcb06b/time_machine-3.3.1-cp314-cp314t-manylinux2014_aarch64.manylinux_2_17_aarch64.manylinux_2_28_aarch64.whl", hash = "sha256:76ff1342acf6c8f86d7dc21d0c821ed18b5d8c4d056f9403f79dd65ecb5ae5b2", size = 64845, upload-time = "2026-08-04T08:50:33.147Z" },
    { url = "https://files.pythonhosted.org/packages/04/eb/f6a6dc9ebac51a7a78e6a2feb963ef4857dfeee92554f48fad756e9558f0/time_machine-3.3.1-cp314-cp314t-musllinux_1_2_aarch64.whl", hash = "sha256:7692f7fff78eb7dbcd6b852a0666fe7f40f0f6c839df43d08f4ff7c4b0823904", size = 63089, upload-time = "2026-08-04T08:50:34.385Z" },
    { url = "https://files.pythonhosted.org/packages/9c/77/0d52aa39c1e73290918c84d71fac022d57e71076781047103787019dc735/time_machine-3.3.1-cp314-cp314t-musllinux_1_2_x86_64.whl", hash = "sha256:8acfc11fd4dbbde14c4192016c935b3cc58877cb6e8ba06da989d958c5d87083", size = 61123, upload-time = "2026-08-04T08:50:35.56Z" },
    { url = "https://files.pythonhosted.org/packages/24/d7/135042a79b44ab111b4128733bfebe98ee37d0e9cee55790c99409a743d3/time_machine-3.3.1-cp314-cp314t-win_amd64.whl", hash = "sha256:6c5e6e0d2ce2913804df2edbbcaea9beed4459add8799ee2edddfc07f5918388", size = 22786, upload-time = "2026-08-04T08:50:36.829Z" },
    { url = "https://files.pythonhosted.org/packages/f9/7b/e36437c6e1c85fc0f5e75301372b0a4b102b803bbb57ffccae7b7ea0198b/time_machine-3.3.1-cp314-cp314t-win_arm64.whl", hash = "sha256:afb9b75106ad0d883872dc0ffb61b3a1659fab7834c6690240e0510c18daf9f2", size = 21194, upload-time = "2026-08-04T08:50:37.893Z" },
]

[[package]]
name = "typing-extensions"
version = "4.16.0"
source = { registry = "https://pypi.org/simple" }
sdist = { url = "https://files.pythonhosted.org/packages/f6/cc/6253133b5bb138fc3306cebfbda2c520f545d36b5be2c7255cc528bb45d6/typing_extensions-4.16.0.tar.gz", hash = "sha256:dc983d19a509c94dba722ee6abd33940f7c05a89e243c47e907eb4db6f1a43e5", size = 113555, upload-time = "2026-07-02T08:40:05.92Z" }
wheels = [
    { url = "https://files.pythonhosted.org/packages/49/d3/b8441a820a491ddfc024b0b0cf0393375b75ea13866d9c66727e54c2fc80/typing_extensions-4.16.0-py3-none-any.whl", hash = "sha256:481caa481374e813c1b176ada14e97f1f67a4539ce9cfeb3f350d78d6370c2e8", size = 45571, upload-time = "2026-07-02T08:40:04.659Z" },
]
